// !$*UTF8*$!
{
	archiveVersion = 1;
	classes = {
	};
	objectVersion = 56;
	objects = {

/* Begin PBXBuildFile section */
		BD384BD12A869EC30080C531 /* QuestionAppApp.swift in Sources */ = {isa = PBXBuildFile; fileRef = BD384BD02A869EC30080C531 /* QuestionAppApp.swift */; };
		BD384BD32A869EC30080C531 /* ContentView.swift in Sources */ = {isa = PBXBuildFile; fileRef = BD384BD22A869EC30080C531 /* ContentView.swift */; };
		BD384BD52A869EC40080C531 /* Assets.xcassets in Resources */ = {isa = PBXBuildFile; fileRef = BD384BD42A869EC40080C531 /* Assets.xcassets */; };
		BD384BD82A869EC40080C531 /* Preview Assets.xcassets in Resources */ = {isa = PBXBuildFile; fileRef = BD384BD72A869EC40080C531 /* Preview Assets.xcassets */; };
		BD384BE12A86A1AB0080C531 /* SecondView.swift in Sources */ = {isa = PBXBuildFile; fileRef = BD384BE02A86A1AB0080C531 /* SecondView.swift */; };
		BD3D51412A86A5FA00AB557B /* ThirdView.swift in Sources */ = {isa = PBXBuildFile; fileRef = BD3D51402A86A5FA00AB557B /* ThirdView.swift */; };
		BDB0752E2A86AD2100183655 /* FourthView.swift in Sources */ = {isa = PBXBuildFile; fileRef = BDB0752D2A86AD2100183655 /* FourthView.swift */; };
		BDB075302A86AD8900183655 /* FifthView.swift in Sources */ = {isa = PBXBuildFile; fileRef = BDB0752F2A86AD8900183655 /* FifthView.swift */; };
/* End PBXBuildFile section */

/* Begin PBXFileReference section */
		BD384BCD2A869EC30080C531 /* QuestionApp.app */ = {isa = PBXFileReference; explicitFileType = wrapper.application; includeInIndex = 0; path = QuestionApp.app; sourceTree = BUILT_PRODUCTS_DIR; };
		BD384BD02A869EC30080C531 /* QuestionAppApp.swift */ = {isa = PBXFileReference; lastKnownFileType = sourcecode.swift; path = QuestionAppApp.swift; sourceTree = "<group>"; };
		BD384BD22A869EC30080C531 /* ContentView.swift */ = {isa = PBXFileReference; lastKnownFileType = sourcecode.swift; path = ContentView.swift; sourceTree = "<group>"; };
		BD384BD42A869EC40080C531 /* Assets.xcassets */ = {isa = PBXFileReference; lastKnownFileType = folder.assetcatalog; path = Assets.xcassets; sourceTree = "<group>"; };
		BD384BD72A869EC40080C531 /* Preview Assets.xcassets */ = {isa = PBXFileReference; lastKnownFileType = folder.assetcatalog; path = "Preview Assets.xcassets"; sourceTree = "<group>"; };
		BD384BE02A86A1AB0080C531 /* SecondView.swift */ = {isa = PBXFileReference; lastKnownFileType = sourcecode.swift; path = SecondView.swift; sourceTree = "<group>"; };
		BD3D51402A86A5FA00AB557B /* ThirdView.swift */ = {isa = PBXFileReference; lastKnownFileType = sourcecode.swift; path = ThirdView.swift; sourceTree = "<group>"; };
		BDB0752D2A86AD2100183655 /* FourthView.swift */ = {isa = PBXFileReference; lastKnownFileType = sourcecode.swift; path = FourthView.swift; sourceTree = "<group>"; };
		BDB0752F2A86AD8900183655 /* FifthView.swift */ = {isa = PBXFileReference; lastKnownFileType = sourcecode.swift; path = FifthView.swift; sourceTree = "<group>"; };
/* End PBXFileReference section */

/* Begin PBXFrameworksBuildPhase section */
		BD384BCA2A869EC30080C531 /* Frameworks */ = {
			isa = PBXFrameworksBuildPhase;
			buildActionMask = 2147483647;
			files = (
			);
			runOnlyForDeploymentPostprocessing = 0;
		};
/* End PBXFrameworksBuildPhase section */

/* Begin PBXGroup section */
		BD384BC42A869EC30080C531 = {
			isa = PBXGroup;
			children = (
				BD384BCF2A869EC30080C531 /* QuestionApp */,
				BD384BCE2A869EC30080C531 /* Products */,
			);
			sourceTree = "<group>";
		};
		BD384BCE2A869EC30080C531 /* Products */ = {
			isa = PBXGroup;
			children = (
				BD384BCD2A869EC30080C531 /* QuestionApp.app */,
			);
			name = Products;
			sourceTree = "<group>";
		};
		BD384BCF2A869EC30080C531 /* QuestionApp */ = {
			isa = PBXGroup;
			children = (
				BD384BD02A869EC30080C531 /* QuestionAppApp.swift */,
				BD384BD22A869EC30080C531 /* ContentView.swift */,
				BD384BE02A86A1AB0080C531 /* SecondView.swift */,
				BD3D51402A86A5FA00AB557B /* ThirdView.swift */,
				BDB0752D2A86AD2100183655 /* FourthView.swift */,
				BDB0752F2A86AD8900183655 /* FifthView.swift */,
				BD384BD42A869EC40080C531 /* Assets.xcassets */,
				BD384BD62A869EC40080C531 /* Preview Content */,
			);
			path = QuestionApp;
			sourceTree = "<group>";
		};
		BD384BD62A869EC40080C531 /* Preview Content */ = {
			isa = PBXGroup;
			children = (
				BD384BD72A869EC40080C531 /* Preview Assets.xcassets */,
			);
			path = "Preview Content";
			sourceTree = "<group>";
		};
/* End PBXGroup section */

/* Begin PBXNativeTarget section */
		BD384BCC2A869EC30080C531 /* QuestionApp */ = {
			isa = PBXNativeTarget;
			buildConfigurationList = BD384BDB2A869EC40080C531 /* Build configuration list for PBXNativeTarget "QuestionApp" */;
			buildPhases = (
				BD384BC92A869EC30080C531 /* Sources */,
				BD384BCA2A869EC30080C531 /* Frameworks */,
				BD384BCB2A869EC30080C531 /* Resources */,
			);
			buildRules = (
			);
			dependencies = (
			);
			name = QuestionApp;
			productName = QuestionApp;
			productReference = BD384BCD2A869EC30080C531 /* QuestionApp.app */;
			productType = "com.apple.product-type.application";
		};
/* End PBXNativeTarget section */

/* Begin PBXProject section */
		BD384BC52A869EC30080C531 /* Project object */ = {
			isa = PBXProject;
			attributes = {
				BuildIndependentTargetsInParallel = 1;
				LastSwiftUpdateCheck = 1430;
				LastUpgradeCheck = 1430;
				TargetAttributes = {
					BD384BCC2A869EC30080C531 = {
						CreatedOnToolsVersion = 14.3.1;
					};
				};
			};
			buildConfigurationList = BD384BC82A869EC30080C531 /* Build configuration list for PBXProject "QuestionApp" */;
			compatibilityVersion = "Xcode 14.0";
			developmentRegion = en;
			hasScannedForEncodings = 0;
			knownRegions = (
				en,
				Base,
			);
			mainGroup = BD384BC42A869EC30080C531;
			productRefGroup = BD384BCE2A869EC30080C531 /* Products */;
			projectDirPath = "";
			projectRoot = "";
			targets = (
				BD384BCC2A869EC30080C531 /* QuestionApp */,
			);
		};
/* End PBXProject section */

/* Begin PBXResourcesBuildPhase section */
		BD384BCB2A869EC30080C531 /* Resources */ = {
			isa = PBXResourcesBuildPhase;
			buildActionMask = 2147483647;
			files = (
				BD384BD82A869EC40080C531 /* Preview Assets.xcassets in Resources */,
				BD384BD52A869EC40080C531 /* Assets.xcassets in Resources */,
			);
			runOnlyForDeploymentPostprocessing = 0;
		};
/* End PBXResourcesBuildPhase section */

/* Begin PBXSourcesBuildPhase section */
		BD384BC92A869EC30080C531 /* Sources */ = {
			isa = PBXSourcesBuildPhase;
			buildActionMask = 2147483647;
			files = (
				BD3D51412A86A5FA00AB557B /* ThirdView.swift in Sources */,
				BD384BE12A86A1AB0080C531 /* SecondView.swift in Sources */,
				BD384BD32A869EC30080C531 /* ContentView.swift in Sources */,
				BD384BD12A869EC30080C531 /* QuestionAppApp.swift in Sources */,
				BDB075302A86AD8900183655 /* FifthView.swift in Sources */,
				BDB0752E2A86AD2100183655 /* FourthView.swift in Sources */,
			);
			runOnlyForDeploymentPostprocessing = 0;
		};
/* End PBXSourcesBuildPhase section */

/* Begin XCBuildConfiguration section */
		BD384BD92A869EC40080C531 /* Debug */ = {
			isa = XCBuildConfiguration;
			buildSettings = {
				ALWAYS_SEARCH_USER_PATHS = NO;
				CLANG_ANALYZER_NONNULL = YES;
				CLANG_ANALYZER_NUMBER_OBJECT_CONVERSION = YES_AGGRESSIVE;
				CLANG_CXX_LANGUAGE_STANDARD = "gnu++20";
				CLANG_ENABLE_MODULES = YES;
				CLANG_ENABLE_OBJC_ARC = YES;
				CLANG_ENABLE_OBJC_WEAK = YES;
				CLANG_WARN_BLOCK_CAPTURE_AUTORELEASING = YES;
				CLANG_WARN_BOOL_CONVERSION = YES;
				CLANG_WARN_COMMA = YES;
				CLANG_WARN_CONSTANT_CONVERSION = YES;
				CLANG_WARN_DEPRECATED_OBJC_IMPLEMENTATIONS = YES;
				CLANG_WARN_DIRECT_OBJC_ISA_USAGE = YES_ERROR;
				CLANG_WARN_DOCUMENTATION_COMMENTS = YES;
				CLANG_WARN_EMPTY_BODY = YES;
				CLANG_WARN_ENUM_CONVERSION = YES;
				CLANG_WARN_INFINITE_RECURSION = YES;
				CLANG_WARN_INT_CONVERSION = YES;
				CLANG_WARN_NON_LITERAL_NULL_CONVERSION = YES;
				CLANG_WARN_OBJC_IMPLICIT_RETAIN_SELF = YES;
				CLANG_WARN_OBJC_LITERAL_CONVERSION = YES;
				CLANG_WARN_OBJC_ROOT_CLASS = YES_ERROR;
				CLANG_WARN_QUOTED_INCLUDE_IN_FRAMEWORK_HEADER = YES;
				CLANG_WARN_RANGE_LOOP_ANALYSIS = YES;
				CLANG_WARN_STRICT_PROTOTYPES = YES;
				CLANG_WARN_SUSPICIOUS_MOVE = YES;
				CLANG_WARN_UNGUARDED_AVAILABILITY = YES_AGGRESSIVE;
				CLANG_WARN_UNREACHABLE_CODE = YES;
				CLANG_WARN__DUPLICATE_METHOD_MATCH = YES;
				COPY_PHASE_STRIP = NO;
				DEBUG_INFORMATION_FORMAT = dwarf;
				ENABLE_STRICT_OBJC_MSGSEND = YES;
				ENABLE_TESTABILITY = YES;
				GCC_C_LANGUAGE_STANDARD = gnu11;
				GCC_DYNAMIC_NO_PIC = NO;
				GCC_NO_COMMON_BLOCKS = YES;
				GCC_OPTIMIZATION_LEVEL = 0;
				GCC_PREPROCESSOR_DEFINITIONS = (
					"DEBUG=1",
					"$(inherited)",
				);
				GCC_WARN_64_TO_32_BIT_CONVERSION = YES;
				GCC_WARN_ABOUT_RETURN_TYPE = YES_ERROR;
				GCC_WARN_UNDECLARED_SELECTOR = YES;
				GCC_WARN_UNINITIALIZED_AUTOS = YES_AGGRESSIVE;
				GCC_WARN_UNUSED_FUNCTION = YES;
				GCC_WARN_UNUSED_VARIABLE = YES;
				IPHONEOS_DEPLOYMENT_TARGET = 16.4;
				MTL_ENABLE_DEBUG_INFO = INCLUDE_SOURCE;
				MTL_FAST_MATH = YES;
				ONLY_ACTIVE_ARCH = YES;
				SDKROOT = iphoneos;
				SWIFT_ACTIVE_COMPILATION_CONDITIONS = DEBUG;
				SWIFT_OPTIMIZATION_LEVEL = "-Onone";
			};
			name = Debug;
		};
		BD384BDA2A869EC40080C531 /* Release */ = {
			isa = XCBuildConfiguration;
			buildSettings = {
				ALWAYS_SEARCH_USER_PATHS = NO;
				CLANG_ANALYZER_NONNULL = YES;
				CLANG_ANALYZER_NUMBER_OBJECT_CONVERSION = YES_AGGRESSIVE;
				CLANG_CXX_LANGUAGE_STANDARD = "gnu++20";
				CLANG_ENABLE_MODULES = YES;
				CLANG_ENABLE_OBJC_ARC = YES;
				CLANG_ENABLE_OBJC_WEAK = YES;
				CLANG_WARN_BLOCK_CAPTURE_AUTORELEASING = YES;
				CLANG_WARN_BOOL_CONVERSION = YES;
				CLANG_WARN_COMMA = YES;
				CLANG_WARN_CONSTANT_CONVERSION = YES;
				CLANG_WARN_DEPRECATED_OBJC_IMPLEMENTATIONS = YES;
				CLANG_WARN_DIRECT_OBJC_ISA_USAGE = YES_ERROR;
				CLANG_WARN_DOCUMENTATION_COMMENTS = YES;
				CLANG_WARN_EMPTY_BODY = YES;
				CLANG_WARN_ENUM_CONVERSION = YES;
				CLANG_WARN_INFINITE_RECURSION = YES;
				CLANG_WARN_INT_CONVERSION = YES;
				CLANG_WARN_NON_LITERAL_NULL_CONVERSION = YES;
				CLANG_WARN_OBJC_IMPLICIT_RETAIN_SELF = YES;
				CLANG_WARN_OBJC_LITERAL_CONVERSION = YES;
				CLANG_WARN_OBJC_ROOT_CLASS = YES_ERROR;
				CLANG_WARN_QUOTED_INCLUDE_IN_FRAMEWORK_HEADER = YES;
				CLANG_WARN_RANGE_LOOP_ANALYSIS = YES;
				CLANG_WARN_STRICT_PROTOTYPES = YES;
				CLANG_WARN_SUSPICIOUS_MOVE = YES;
				CLANG_WARN_UNGUARDED_AVAILABILITY = YES_AGGRESSIVE;
				CLANG_WARN_UNREACHABLE_CODE = YES;
				CLANG_WARN__DUPLICATE_METHOD_MATCH = YES;
				COPY_PHASE_STRIP = NO;
				DEBUG_INFORMATION_FORMAT = "dwarf-with-dsym";
				ENABLE_NS_ASSERTIONS = NO;
				ENABLE_STRICT_OBJC_MSGSEND = YES;
				GCC_C_LANGUAGE_STANDARD = gnu11;
				GCC_NO_COMMON_BLOCKS = YES;
				GCC_WARN_64_TO_32_BIT_CONVERSION = YES;
				GCC_WARN_ABOUT_RETURN_TYPE = YES_ERROR;
				GCC_WARN_UNDECLARED_SELECTOR = YES;
				GCC_WARN_UNINITIALIZED_AUTOS = YES_AGGRESSIVE;
				GCC_WARN_UNUSED_FUNCTION = YES;
				GCC_WARN_UNUSED_VARIABLE = YES;
				IPHONEOS_DEPLOYMENT_TARGET = 16.4;
				MTL_ENABLE_DEBUG_INFO = NO;
				MTL_FAST_MATH = YES;
				SDKROOT = iphoneos;
				SWIFT_COMPILATION_MODE = wholemodule;
				SWIFT_OPTIMIZATION_LEVEL = "-O";
				VALIDATE_PRODUCT = YES;
			};
			name = Release;
		};
		BD384BDC2A869EC40080C531 /* Debug */ = {
			isa = XCBuildConfiguration;
			buildSettings = {
				ASSETCATALOG_COMPILER_APPICON_NAME = AppIcon;
				ASSETCATALOG_COMPILER_GLOBAL_ACCENT_COLOR_NAME = AccentColor;
				CODE_SIGN_STYLE = Automatic;
				CURRENT_PROJECT_VERSION = 1;
				DEVELOPMENT_ASSET_PATHS = "\"QuestionApp/Preview Content\"";
				ENABLE_PREVIEWS = YES;
				GENERATE_INFOPLIST_FILE = YES;
				INFOPLIST_KEY_UIApplicationSceneManifest_Generation = YES;
				INFOPLIST_KEY_UIApplicationSupportsIndirectInputEvents = YES;
				INFOPLIST_KEY_UILaunchScreen_Generation = YES;
				INFOPLIST_KEY_UISupportedInterfaceOrientations_iPad = "UIInterfaceOrientationPortrait UIInterfaceOrientationPortraitUpsideDown UIInterfaceOrientationLandscapeLeft UIInterfaceOrientationLandscapeRight";
				INFOPLIST_KEY_UISupportedInterfaceOrientations_iPhone = "UIInterfaceOrientationPortrait UIInterfaceOrientationLandscapeLeft UIInterfaceOrientationLandscapeRight";
				LD_RUNPATH_SEARCH_PATHS = (
					"$(inherited)",
					"@executable_path/Frameworks",
				);
				MARKETING_VERSION = 1.0;
				PRODUCT_BUNDLE_IDENTIFIER = kwk.QuestionApp;
				PRODUCT_NAME = "$(TARGET_NAME)";
				SWIFT_EMIT_LOC_STRINGS = YES;
				SWIFT_VERSION = 5.0;
				TARGETED_DEVICE_FAMILY = "1,2";
			};
			name = Debug;
		};
		BD384BDD2A869EC40080C531 /* Release */ = {
			isa = XCBuildConfiguration;
			buildSettings = {
				ASSETCATALOG_COMPILER_APPICON_NAME = AppIcon;
				ASSETCATALOG_COMPILER_GLOBAL_ACCENT_COLOR_NAME = AccentColor;
				CODE_SIGN_STYLE = Automatic;
				CURRENT_PROJECT_VERSION = 1;
				DEVELOPMENT_ASSET_PATHS = "\"QuestionApp/Preview Content\"";
				ENABLE_PREVIEWS = YES;
				GENERATE_INFOPLIST_FILE = YES;
				INFOPLIST_KEY_UIApplicationSceneManifest_Generation = YES;
				INFOPLIST_KEY_UIApplicationSupportsIndirectInputEvents = YES;
				INFOPLIST_KEY_UILaunchScreen_Generation = YES;
				INFOPLIST_KEY_UISupportedInterfaceOrientations_iPad = "UIInterfaceOrientationPortrait UIInterfaceOrientationPortraitUpsideDown UIInterfaceOrientationLandscapeLeft UIInterfaceOrientationLandscapeRight";
				INFOPLIST_KEY_UISupportedInterfaceOrientations_iPhone = "UIInterfaceOrientationPortrait UIInterfaceOrientationLandscapeLeft UIInterfaceOrientationLandscapeRight";
				LD_RUNPATH_SEARCH_PATHS = (
					"$(inherited)",
					"@executable_path/Frameworks",
				);
				MARKETING_VERSION = 1.0;
				PRODUCT_BUNDLE_IDENTIFIER = kwk.QuestionApp;
				PRODUCT_NAME = "$(TARGET_NAME)";
				SWIFT_EMIT_LOC_STRINGS = YES;
				SWIFT_VERSION = 5.0;
				TARGETED_DEVICE_FAMILY = "1,2";
			};
			name = Release;
		};
/* End XCBuildConfiguration section */

/* Begin XCConfigurationList section */
		BD384BC82A869EC30080C531 /* Build configuration list for PBXProject "QuestionApp" */ = {
			isa = XCConfigurationList;
			buildConfigurations = (
				BD384BD92A869EC40080C531 /* Debug */,
				BD384BDA2A869EC40080C531 /* Release */,
			);
			defaultConfigurationIsVisible = 0;
			defaultConfigurationName = Release;
		};
		BD384BDB2A869EC40080C531 /* Build configuration list for PBXNativeTarget "QuestionApp" */ = {
			isa = XCConfigurationList;
			buildConfigurations = (
				BD384BDC2A869EC40080C531 /* Debug */,
				BD384BDD2A869EC40080C531 /* Release */,
			);
			defaultConfigurationIsVisible = 0;
			defaultConfigurationName = Release;
		};
/* End XCConfigurationList section */
	};
	rootObject = BD384BC52A869EC30080C531 /* Project object */;
}
